
Microsoft Visual Studio Solution File, Format Version 12.00
# Visual Studio Version 17
VisualStudioVersion = 17.2.32526.322
MinimumVisualStudioVersion = 10.0.40219.1
Project("{FAE04EC0-301F-11D3-BF4B-00C04F79EFBC}") = "Correctif_API_Game", "Correctif_API_Game\Correctif_API_Game.csproj", "{368D18DE-9803-4F28-9132-55C249EDF8F8}"
EndProject
Project("{9A19103F-16F7-4668-BE54-9A1E7A4F7556}") = "Demo_ASP_MVC_Modele.BLL", "Demo_ASP_MVC_Modele.BLL\Demo_ASP_MVC_Modele.BLL.csproj", "{C5125BCA-8464-4751-8F94-6DFEC4011AC7}"
EndProject
Project("{9A19103F-16F7-4668-BE54-9A1E7A4F7556}") = "Demo_ASP_MVC_Modele.DAL", "Demo_ASP_MVC_Modele.DAL\Demo_ASP_MVC_Modele.DAL.csproj", "{94C460B0-219F-4BFC-B059-D3637F24D07C}"
EndProject
Global
	GlobalSection(SolutionConfigurationPlatforms) = preSolution
		Debug|Any CPU = Debug|Any CPU
		Release|Any CPU = Release|Any CPU
	EndGlobalSection
	GlobalSection(ProjectConfigurationPlatforms) = postSolution
		{368D18DE-9803-4F28-9132-55C249EDF8F8}.Debug|Any CPU.ActiveCfg = Debug|Any CPU
		{368D18DE-9803-4F28-9132-55C249EDF8F8}.Debug|Any CPU.Build.0 = Debug|Any CPU
		{368D18DE-9803-4F28-9132-55C249EDF8F8}.Release|Any CPU.ActiveCfg = Release|Any CPU
		{368D18DE-9803-4F28-9132-55C249EDF8F8}.Release|Any CPU.Build.0 = Release|Any CPU
		{C5125BCA-8464-4751-8F94-6DFEC4011AC7}.Debug|Any CPU.ActiveCfg = Debug|Any CPU
		{C5125BCA-8464-4751-8F94-6DFEC4011AC7}.Debug|Any CPU.Build.0 = Debug|Any CPU
		{C5125BCA-8464-4751-8F94-6DFEC4011AC7}.Release|Any CPU.ActiveCfg = Release|Any CPU
		{C5125BCA-8464-4751-8F94-6DFEC4011AC7}.Release|Any CPU.Build.0 = Release|Any CPU
		{94C460B0-219F-4BFC-B059-D3637F24D07C}.Debug|Any CPU.ActiveCfg = Debug|Any CPU
		{94C460B0-219F-4BFC-B059-D3637F24D07C}.Debug|Any CPU.Build.0 = Debug|Any CPU
		{94C460B0-219F-4BFC-B059-D3637F24D07C}.Release|Any CPU.ActiveCfg = Release|Any CPU
		{94C460B0-219F-4BFC-B059-D3637F24D07C}.Release|Any CPU.Build.0 = Release|Any CPU
	EndGlobalSection
	GlobalSection(SolutionProperties) = preSolution
		HideSolutionNode = FALSE
	EndGlobalSection
	GlobalSection(ExtensibilityGlobals) = postSolution
		SolutionGuid = {F9F3644B-0797-4955-B3F1-56BFB14EA7C5}
	EndGlobalSection
EndGlobal
